<?xml version="1.0" encoding="utf-8"?>
<Project ToolsVersion="4.0" xmlns="http://schemas.microsoft.com/developer/msbuild/2003">
  <ItemGroup>
    <Filter Include="Исходные файлы">
      <UniqueIdentifier>{4FC737F1-C7A5-4376-A066-2A32D752A2FF}</UniqueIdentifier>
      <Extensions>cpp;c;cc;cxx;def;odl;idl;hpj;bat;asm;asmx</Extensions>
    </Filter>
    <Filter Include="Файлы заголовков">
      <UniqueIdentifier>{93995380-89BD-4b04-88EB-625FBE52EBFB}</UniqueIdentifier>
      <Extensions>h;hh;hpp;hxx;hm;inl;inc;ipp;xsd</Extensions>
    </Filter>
    <Filter Include="Файлы ресурсов">
      <UniqueIdentifier>{67DA6AB6-F800-4c08-8B7A-83BB121AAD01}</UniqueIdentifier>
      <Extensions>rc;ico;cur;bmp;dlg;rc2;rct;bin;rgs;gif;jpg;jpeg;jpe;resx;tiff;tif;png;wav;mfcribbon-ms</Extensions>
    </Filter>
    <Filter Include="Model">
      <UniqueIdentifier>{405de8a8-ca6c-435e-8be2-6463803da386}</UniqueIdentifier>
    </Filter>
    <Filter Include="View">
      <UniqueIdentifier>{a10fc13b-27c7-41cd-96c5-8841ce7c5214}</UniqueIdentifier>
    </Filter>
    <Filter Include="Controller">
      <UniqueIdentifier>{d38f8c14-e8f0-4d09-8fd8-ff228b315faf}</UniqueIdentifier>
    </Filter>
    <Filter Include="Game">
      <UniqueIdentifier>{381ebdde-f765-45a1-82d8-862676697b0c}</UniqueIdentifier>
    </Filter>
  </ItemGroup>
  <ItemGroup>
    <ClCompile Include="main.cpp">
      <Filter>Исходные файлы</Filter>
    </ClCompile>
    <ClCompile Include="Model\BotPlayerModel.cpp">
      <Filter>Model</Filter>
    </ClCompile>
    <ClCompile Include="Model\HumanPlayerModel.cpp">
      <Filter>Model</Filter>
    </ClCompile>
    <ClCompile Include="Model\GameModel.cpp">
      <Filter>Model</Filter>
    </ClCompile>
    <ClCompile Include="View\GameView.cpp">
      <Filter>View</Filter>
    </ClCompile>
    <ClCompile Include="Controller\GameController.cpp">
      <Filter>Controller</Filter>
    </ClCompile>
    <ClCompile Include="Model\ObservableModel.cpp">
      <Filter>Model</Filter>
    </ClCompile>
    <ClCompile Include="Game\Game.cpp">
      <Filter>Game</Filter>
    </ClCompile>
  </ItemGroup>
  <ItemGroup>
    <ClInclude Include="Model\GameModel.h">
      <Filter>Model</Filter>
    </ClInclude>
    <ClInclude Include="Model\BotPlayerModel.h">
      <Filter>Model</Filter>
    </ClInclude>
    <ClInclude Include="Model\HumanPlayerModel.h">
      <Filter>Model</Filter>
    </ClInclude>
    <ClInclude Include="Model\PlayerInterfaceModel.h">
      <Filter>Model</Filter>
    </ClInclude>
    <ClInclude Include="View\GameView.h">
      <Filter>View</Filter>
    </ClInclude>
    <ClInclude Include="Controller\GameController.h">
      <Filter>Controller</Filter>
    </ClInclude>
    <ClInclude Include="Model\ObserverModel.h">
      <Filter>Model</Filter>
    </ClInclude>
    <ClInclude Include="Model\ObservableModel.h">
      <Filter>Model</Filter>
    </ClInclude>
    <ClInclude Include="Game\Game.h">
      <Filter>Game</Filter>
    </ClInclude>
  </ItemGroup>
</Project>